{
  "name": "tokenstream-client-compatibility",
  "version": "0.1.0",
  "lockfileVersion": 3,
  "requires": true,
  "packages": {
    "": {
      "name": "tokenstream-client-compatibility",
      "version": "0.1.0",
      "devDependencies": {
        "@anthropic-ai/sdk": "0.128.0",
        "@openai/codex": "0.158.0",
        "openai": "7.23.0"
      }
    },
    "node_modules/@anthropic-ai/sdk": {
      "version": "0.128.0",
      "resolved": "https://registry.npmmirror.com/@anthropic-ai/sdk/-/sdk-0.128.0.tgz",
      "integrity": "sha512-tl5cBFZC1jVFrTuQyvQObA4WmuNgcYVeXfriqOumgtLAHUm4gPUj18YnszBW60v0PrjDB8nBDOC6wd9CmHQFlA==",
      "dev": true,
      "license": "MIT",
      "dependencies": {
        "json-schema-to-ts": "^3.1.1",
        "standardwebhooks": "^1.0.0"
      },
      "bin": {
        "anthropic-ai-sdk": "bin/cli"
      },
      "peerDependencies": {
        "zod": "^3.25.0 || ^4.0.0"
      },
      "peerDependenciesMeta": {
        "zod": {
          "optional": true
        }
      }
    },
    "node_modules/@babel/runtime": {
      "version": "7.29.7",
      "resolved": "https://registry.npmmirror.com/@babel/runtime/-/runtime-7.29.7.tgz",
      "integrity": "sha512-Nq8OhGWiZIZGV6hLHoyAKLLcJihP/xFeBMGJoUrxTX2psI8dCifzLhZISFb+VWS3wFMRDmCGw5R+dOySCqPLhw==",
      "dev": true,
      "license": "MIT",
      "engines": {
        "node": ">=6.9.0"
      }
    },
    "node_modules/@openai/codex": {
      "version": "0.158.0",
      "resolved": "https://registry.npmmirror.com/@openai/codex/-/codex-0.158.0.tgz",
      "integrity": "sha512-GBhcKpQmVLsCtEP5mUf6WFye6QQgTKotwsXrYPM0GFmEsoOSahik6hkf2FHabX9kZBl0Y0/PQowLu7uYMKT8dg==",
      "dev": true,
      "license": "Apache-2.0",
      "bin": {
        "codex": "bin/codex.js"
      },
      "engines": {
        "node": ">=16"
      },
      "optionalDependencies": {
        "@openai/codex-darwin-arm64": "npm:@openai/codex@0.158.0-darwin-arm64",
        "@openai/codex-darwin-x64": "npm:@openai/codex@0.158.0-darwin-x64",
        "@openai/codex-linux-arm64": "npm:@openai/codex@0.158.0-linux-arm64",
        "@openai/codex-linux-x64": "npm:@openai/codex@0.158.0-linux-x64",
        "@openai/codex-win32-arm64": "npm:@openai/codex@0.158.0-win32-arm64",
        "@openai/codex-win32-x64": "npm:@openai/codex@0.158.0-win32-x64"
      }
    },
    "node_modules/@openai/codex-darwin-arm64": {
      "name": "@openai/codex",
      "version": "0.158.0-darwin-arm64",
      "resolved": "https://registry.npmmirror.com/@openai/codex/-/codex-0.158.0-darwin-arm64.tgz",
      "integrity": "sha512-0OKSjlWY1j4Ld1fT87QttNw3Y2SthcXi4GcrWSHjleZg1n86eG3+shJl4Pv+siUmsBJhWlNmm6rRO4Yv8ZyQLg==",
      "cpu": [
        "arm64"
      ],
      "dev": true,
      "license": "Apache-2.0",
      "optional": true,
      "os": [
        "darwin"
      ],
      "engines": {
        "node": ">=16"
      }
    },
    "node_modules/@openai/codex-darwin-x64": {
      "name": "@openai/codex",
      "version": "0.158.0-darwin-x64",
      "resolved": "https://registry.npmmirror.com/@openai/codex/-/codex-0.158.0-darwin-x64.tgz",
      "integrity": "sha512-FrX1o3APrL7F6QkO8z08Rq8lJitH2sNI7pkebA02eYA103hDs3fyy9d32zeLLQJUeAhmZA4pV9xJR4m7cVyNpQ==",
      "cpu": [
        "x64"
      ],
      "dev": true,
      "license": "Apache-2.0",
      "optional": true,
      "os": [
        "darwin"
      ],
      "engines": {
        "node": ">=16"
      }
    },
    "node_modules/@openai/codex-linux-arm64": {
      "name": "@openai/codex",
      "version": "0.158.0-linux-arm64",
      "resolved": "https://registry.npmmirror.com/@openai/codex/-/codex-0.158.0-linux-arm64.tgz",
      "integrity": "sha512-T9AgGcoU7HNsxJ4prT/R9YvztyEmz9kWP/VlT2cbCop4PVwiqfG9YMJtLo4j2ScewvSaTl4sQFwla+fwGpoRZg==",
      "cpu": [
        "arm64"
      ],
      "dev": true,
      "license": "Apache-2.0",
      "optional": true,
      "os": [
        "linux"
      ],
      "engines": {
        "node": ">=16"
      }
    },
    "node_modules/@openai/codex-linux-x64": {
      "name": "@openai/codex",
      "version": "0.158.0-linux-x64",
      "resolved": "https://registry.npmmirror.com/@openai/codex/-/codex-0.158.0-linux-x64.tgz",
      "integrity": "sha512-mY12GZPM8TuOWVGxCyNV2NSA8t1uIupm9Nhu9VeQVEvvxBKN08U8bLH+vn7oISUHZPC8bwhROIbo/ZUxqV6XMg==",
      "cpu": [
        "x64"
      ],
      "dev": true,
      "license": "Apache-2.0",
      "optional": true,
      "os": [
        "linux"
      ],
      "engines": {
        "node": ">=16"
      }
    },
    "node_modules/@openai/codex-win32-arm64": {
      "name": "@openai/codex",
      "version": "0.158.0-win32-arm64",
      "resolved": "https://registry.npmmirror.com/@openai/codex/-/codex-0.158.0-win32-arm64.tgz",
      "integrity": "sha512-Jw1u0q0+5PG97jPkINxE3UCFtsYBN8Af+IjjM0zlCO675Sv5lNsXU2K9aIaXwVeQIKw8q2lbPAR4SEkq2rSOoA==",
      "cpu": [
        "arm64"
      ],
      "dev": true,
      "license": "Apache-2.0",
      "optional": true,
      "os": [
        "win32"
      ],
      "engines": {
        "node": ">=16"
      }
    },
    "node_modules/@openai/codex-win32-x64": {
      "name": "@openai/codex",
      "version": "0.158.0-win32-x64",
      "resolved": "https://registry.npmmirror.com/@openai/codex/-/codex-0.158.0-win32-x64.tgz",
      "integrity": "sha512-IaUmY11Zdqa/Zok6kE0Z5375pXtClKRbS8P1Gh2C73Aq65CaGn9N8gT6BXGC3+XD6yamAIiEQW5xM842UCCGow==",
      "cpu": [
        "x64"
      ],
      "dev": true,
      "license": "Apache-2.0",
      "optional": true,
      "os": [
        "win32"
      ],
      "engines": {
        "node": ">=16"
      }
    },
    "node_modules/@stablelib/base64": {
      "version": "1.0.1",
      "resolved": "https://registry.npmmirror.com/@stablelib/base64/-/base64-1.0.1.tgz",
      "integrity": "sha512-1bnPQqSxSuc3Ii6MhBysoWCg58j97aUjuCSZrGSmDxNqtytIi0k8utUenAwTZN4V5mXXYGsVUI9zeBqy+jBOSQ==",
      "dev": true,
      "license": "MIT"
    },
    "node_modules/fast-sha256": {
      "version": "1.3.0",
      "resolved": "https://registry.npmmirror.com/fast-sha256/-/fast-sha256-1.3.0.tgz",
      "integrity": "sha512-n11RGP/lrWEFI/bWdygLxhI+pVeo1ZYIVwvvPkW7azl/rOy+F3HYRZ2K5zeE9mmkhQppyv9sQFx0JM9UabnpPQ==",
      "dev": true,
      "license": "Unlicense"
    },
    "node_modules/json-schema-to-ts": {
      "version": "3.1.1",
      "resolved": "https://registry.npmmirror.com/json-schema-to-ts/-/json-schema-to-ts-3.1.1.tgz",
      "integrity": "sha512-+DWg8jCJG2TEnpy7kOm/7/AxaYoaRbjVB4LFZLySZlWn8exGs3A4OLJR966cVvU26N7X9TWxl+Jsw7dzAqKT6g==",
      "dev": true,
      "license": "MIT",
      "dependencies": {
        "@babel/runtime": "^7.18.3",
        "ts-algebra": "^2.0.0"
      },
      "engines": {
        "node": ">=16"
      }
    },
    "node_modules/openai": {
      "version": "7.23.0",
      "resolved": "https://registry.npmmirror.com/openai/-/openai-7.23.0.tgz",
      "integrity": "sha512-0ecOXnFSMNWZq6cUBcTV6Lf93y+fm8BH/+QzFvpoP1UGNOE5pnytRa6HAPGCw+3IS9SIAW7rc1M8yyzN1PiBAQ==",
      "dev": true,
      "license": "Apache-2.0",
      "engines": {
        "node": ">=22.0.0"
      },
      "peerDependencies": {
        "@aws-sdk/credential-provider-node": ">=3.972.0 <4",
        "@smithy/hash-node": ">=4.3.0 <5",
        "@smithy/signature-v4": ">=5.4.0 <6",
        "undici": ">=5 <9",
        "ws": "^8.21.0",
        "zod": "^3.25 || ^4.0"
      },
      "peerDependenciesMeta": {
        "@aws-sdk/credential-provider-node": {
          "optional": true
        },
        "@smithy/hash-node": {
          "optional": true
        },
        "@smithy/signature-v4": {
          "optional": true
        },
        "undici": {
          "optional": true
        },
        "ws": {
          "optional": true
        },
        "zod": {
          "optional": true
        }
      }
    },
    "node_modules/standardwebhooks": {
      "version": "1.1.1",
      "resolved": "https://registry.npmmirror.com/standardwebhooks/-/standardwebhooks-1.1.1.tgz",
      "integrity": "sha512-bCbX9ZEyFkWPsRz7Bl3NuQUJohmwGSev/yhr7vhaGPlc4AfIrspIRa6cPTBuI1ItmrTDJ4d/S2hCsfe4+vQGnQ==",
      "dev": true,
      "license": "MIT",
      "dependencies": {
        "@stablelib/base64": "^1.0.0",
        "fast-sha256": "^1.3.0"
      }
    },
    "node_modules/ts-algebra": {
      "version": "2.0.0",
      "resolved": "https://registry.npmmirror.com/ts-algebra/-/ts-algebra-2.0.0.tgz",
      "integrity": "sha512-FPAhNPFMrkwz76P7cdjdmiShwMynZYN6SgOujD1urY4oNm80Ou9oMdmbR45LotcKOXoy7wSmHkRFE6Mxbrhefw==",
      "dev": true,
      "license": "MIT"
    }
  }
}
